
Microsoft Visual Studio Solution File, Format Version 12.00
# Visual Studio Version 17
VisualStudioVersion = 17.11.35312.102
MinimumVisualStudioVersion = 10.0.40219.1
Project("{8BC9CEB8-8B4A-11D0-8D11-00A0C91BC942}") = "Task1", "Tasl1\Tasl1.vcxproj", "{647DBE14-C77D-40EA-B07F-2969962B7E54}"
EndProject
Project("{8BC9CEB8-8B4A-11D0-8D11-00A0C91BC942}") = "Task2", "..\Task2\Task2.vcxproj", "{9EAEFBAF-3AA7-46A1-95EB-41522A18FDF8}"
EndProject
Global
	GlobalSection(SolutionConfigurationPlatforms) = preSolution
		Debug|x64 = Debug|x64
		Debug|x86 = Debug|x86
		Release|x64 = Release|x64
		Release|x86 = Release|x86
	EndGlobalSection
	GlobalSection(ProjectConfigurationPlatforms) = postSolution
		{647DBE14-C77D-40EA-B07F-2969962B7E54}.Debug|x64.ActiveCfg = Debug|x64
		{647DBE14-C77D-40EA-B07F-2969962B7E54}.Debug|x64.Build.0 = Debug|x64
		{647DBE14-C77D-40EA-B07F-2969962B7E54}.Debug|x86.ActiveCfg = Debug|Win32
		{647DBE14-C77D-40EA-B07F-2969962B7E54}.Debug|x86.Build.0 = Debug|Win32
		{647DBE14-C77D-40EA-B07F-2969962B7E54}.Release|x64.ActiveCfg = Release|x64
		{647DBE14-C77D-40EA-B07F-2969962B7E54}.Release|x64.Build.0 = Release|x64
		{647DBE14-C77D-40EA-B07F-2969962B7E54}.Release|x86.ActiveCfg = Release|Win32
		{647DBE14-C77D-40EA-B07F-2969962B7E54}.Release|x86.Build.0 = Release|Win32
		{9EAEFBAF-3AA7-46A1-95EB-41522A18FDF8}.Debug|x64.ActiveCfg = Debug|x64
		{9EAEFBAF-3AA7-46A1-95EB-41522A18FDF8}.Debug|x64.Build.0 = Debug|x64
		{9EAEFBAF-3AA7-46A1-95EB-41522A18FDF8}.Debug|x86.ActiveCfg = Debug|Win32
		{9EAEFBAF-3AA7-46A1-95EB-41522A18FDF8}.Debug|x86.Build.0 = Debug|Win32
		{9EAEFBAF-3AA7-46A1-95EB-41522A18FDF8}.Release|x64.ActiveCfg = Release|x64
		{9EAEFBAF-3AA7-46A1-95EB-41522A18FDF8}.Release|x64.Build.0 = Release|x64
		{9EAEFBAF-3AA7-46A1-95EB-41522A18FDF8}.Release|x86.ActiveCfg = Release|Win32
		{9EAEFBAF-3AA7-46A1-95EB-41522A18FDF8}.Release|x86.Build.0 = Release|Win32
	EndGlobalSection
	GlobalSection(SolutionProperties) = preSolution
		HideSolutionNode = FALSE
	EndGlobalSection
	GlobalSection(ExtensibilityGlobals) = postSolution
		SolutionGuid = {C11C94D5-88D7-4E70-A074-04E2D09117CC}
	EndGlobalSection
EndGlobal
