
Microsoft Visual Studio Solution File, Format Version 12.00
# Visual Studio Version 17
VisualStudioVersion = 17.11.35222.181
MinimumVisualStudioVersion = 10.0.40219.1
Project("{8BC9CEB8-8B4A-11D0-8D11-00A0C91BC942}") = "Task2", "Task2\Task2.vcxproj", "{B83A593E-3D60-4D10-8D03-D048C4BD9CC0}"
EndProject
Global
	GlobalSection(SolutionConfigurationPlatforms) = preSolution
		Debug|x64 = Debug|x64
		Debug|x86 = Debug|x86
		Release|x64 = Release|x64
		Release|x86 = Release|x86
	EndGlobalSection
	GlobalSection(ProjectConfigurationPlatforms) = postSolution
		{B83A593E-3D60-4D10-8D03-D048C4BD9CC0}.Debug|x64.ActiveCfg = Debug|x64
		{B83A593E-3D60-4D10-8D03-D048C4BD9CC0}.Debug|x64.Build.0 = Debug|x64
		{B83A593E-3D60-4D10-8D03-D048C4BD9CC0}.Debug|x86.ActiveCfg = Debug|Win32
		{B83A593E-3D60-4D10-8D03-D048C4BD9CC0}.Debug|x86.Build.0 = Debug|Win32
		{B83A593E-3D60-4D10-8D03-D048C4BD9CC0}.Release|x64.ActiveCfg = Release|x64
		{B83A593E-3D60-4D10-8D03-D048C4BD9CC0}.Release|x64.Build.0 = Release|x64
		{B83A593E-3D60-4D10-8D03-D048C4BD9CC0}.Release|x86.ActiveCfg = Release|Win32
		{B83A593E-3D60-4D10-8D03-D048C4BD9CC0}.Release|x86.Build.0 = Release|Win32
	EndGlobalSection
	GlobalSection(SolutionProperties) = preSolution
		HideSolutionNode = FALSE
	EndGlobalSection
	GlobalSection(ExtensibilityGlobals) = postSolution
		SolutionGuid = {4731C7CB-D19D-412E-BA73-1A7D8FC374B4}
	EndGlobalSection
EndGlobal
