
Microsoft Visual Studio Solution File, Format Version 12.00
# Visual Studio Version 17
VisualStudioVersion = 17.11.35312.102
MinimumVisualStudioVersion = 10.0.40219.1
Project("{8BC9CEB8-8B4A-11D0-8D11-00A0C91BC942}") = "Task1", "Task1\Task1.vcxproj", "{EA35F892-A52F-47BE-AB71-615177146205}"
EndProject
Project("{8BC9CEB8-8B4A-11D0-8D11-00A0C91BC942}") = "Task2", "..\Task2\Task2.vcxproj", "{2EE912AB-A721-41E1-807F-946585091457}"
EndProject
Project("{8BC9CEB8-8B4A-11D0-8D11-00A0C91BC942}") = "Task3", "..\Task3\Task3.vcxproj", "{812120CA-BC75-4DCE-9645-249A0DD42239}"
EndProject
Global
	GlobalSection(SolutionConfigurationPlatforms) = preSolution
		Debug|x64 = Debug|x64
		Debug|x86 = Debug|x86
		Release|x64 = Release|x64
		Release|x86 = Release|x86
	EndGlobalSection
	GlobalSection(ProjectConfigurationPlatforms) = postSolution
		{EA35F892-A52F-47BE-AB71-615177146205}.Debug|x64.ActiveCfg = Debug|x64
		{EA35F892-A52F-47BE-AB71-615177146205}.Debug|x64.Build.0 = Debug|x64
		{EA35F892-A52F-47BE-AB71-615177146205}.Debug|x86.ActiveCfg = Debug|Win32
		{EA35F892-A52F-47BE-AB71-615177146205}.Debug|x86.Build.0 = Debug|Win32
		{EA35F892-A52F-47BE-AB71-615177146205}.Release|x64.ActiveCfg = Release|x64
		{EA35F892-A52F-47BE-AB71-615177146205}.Release|x64.Build.0 = Release|x64
		{EA35F892-A52F-47BE-AB71-615177146205}.Release|x86.ActiveCfg = Release|Win32
		{EA35F892-A52F-47BE-AB71-615177146205}.Release|x86.Build.0 = Release|Win32
		{2EE912AB-A721-41E1-807F-946585091457}.Debug|x64.ActiveCfg = Debug|x64
		{2EE912AB-A721-41E1-807F-946585091457}.Debug|x64.Build.0 = Debug|x64
		{2EE912AB-A721-41E1-807F-946585091457}.Debug|x86.ActiveCfg = Debug|Win32
		{2EE912AB-A721-41E1-807F-946585091457}.Debug|x86.Build.0 = Debug|Win32
		{2EE912AB-A721-41E1-807F-946585091457}.Release|x64.ActiveCfg = Release|x64
		{2EE912AB-A721-41E1-807F-946585091457}.Release|x64.Build.0 = Release|x64
		{2EE912AB-A721-41E1-807F-946585091457}.Release|x86.ActiveCfg = Release|Win32
		{2EE912AB-A721-41E1-807F-946585091457}.Release|x86.Build.0 = Release|Win32
		{812120CA-BC75-4DCE-9645-249A0DD42239}.Debug|x64.ActiveCfg = Debug|x64
		{812120CA-BC75-4DCE-9645-249A0DD42239}.Debug|x64.Build.0 = Debug|x64
		{812120CA-BC75-4DCE-9645-249A0DD42239}.Debug|x86.ActiveCfg = Debug|Win32
		{812120CA-BC75-4DCE-9645-249A0DD42239}.Debug|x86.Build.0 = Debug|Win32
		{812120CA-BC75-4DCE-9645-249A0DD42239}.Release|x64.ActiveCfg = Release|x64
		{812120CA-BC75-4DCE-9645-249A0DD42239}.Release|x64.Build.0 = Release|x64
		{812120CA-BC75-4DCE-9645-249A0DD42239}.Release|x86.ActiveCfg = Release|Win32
		{812120CA-BC75-4DCE-9645-249A0DD42239}.Release|x86.Build.0 = Release|Win32
	EndGlobalSection
	GlobalSection(SolutionProperties) = preSolution
		HideSolutionNode = FALSE
	EndGlobalSection
	GlobalSection(ExtensibilityGlobals) = postSolution
		SolutionGuid = {97188439-73BA-4F11-B082-733559AFD048}
	EndGlobalSection
EndGlobal
