
Microsoft Visual Studio Solution File, Format Version 12.00
# Visual Studio Version 17
VisualStudioVersion = 17.11.35222.181
MinimumVisualStudioVersion = 10.0.40219.1
Project("{8BC9CEB8-8B4A-11D0-8D11-00A0C91BC942}") = "Coursework", "Coursework\Coursework.vcxproj", "{1E5734F7-39D6-4648-BFE4-316241A6D15E}"
EndProject
Global
	GlobalSection(SolutionConfigurationPlatforms) = preSolution
		Debug|x64 = Debug|x64
		Debug|x86 = Debug|x86
		Release|x64 = Release|x64
		Release|x86 = Release|x86
	EndGlobalSection
	GlobalSection(ProjectConfigurationPlatforms) = postSolution
		{1E5734F7-39D6-4648-BFE4-316241A6D15E}.Debug|x64.ActiveCfg = Debug|x64
		{1E5734F7-39D6-4648-BFE4-316241A6D15E}.Debug|x64.Build.0 = Debug|x64
		{1E5734F7-39D6-4648-BFE4-316241A6D15E}.Debug|x86.ActiveCfg = Debug|Win32
		{1E5734F7-39D6-4648-BFE4-316241A6D15E}.Debug|x86.Build.0 = Debug|Win32
		{1E5734F7-39D6-4648-BFE4-316241A6D15E}.Release|x64.ActiveCfg = Release|x64
		{1E5734F7-39D6-4648-BFE4-316241A6D15E}.Release|x64.Build.0 = Release|x64
		{1E5734F7-39D6-4648-BFE4-316241A6D15E}.Release|x86.ActiveCfg = Release|Win32
		{1E5734F7-39D6-4648-BFE4-316241A6D15E}.Release|x86.Build.0 = Release|Win32
	EndGlobalSection
	GlobalSection(SolutionProperties) = preSolution
		HideSolutionNode = FALSE
	EndGlobalSection
	GlobalSection(ExtensibilityGlobals) = postSolution
		SolutionGuid = {A5E5689D-5FF0-450D-9C50-D5F0CDFD6971}
	EndGlobalSection
EndGlobal
