
Microsoft Visual Studio Solution File, Format Version 12.00
# Visual Studio Version 17
VisualStudioVersion = 17.11.35312.102
MinimumVisualStudioVersion = 10.0.40219.1
Project("{8BC9CEB8-8B4A-11D0-8D11-00A0C91BC942}") = "Task1", "Task1\Task1.vcxproj", "{D09C1CB3-7BD0-4C0A-8496-24EC43409FFE}"
EndProject
Project("{8BC9CEB8-8B4A-11D0-8D11-00A0C91BC942}") = "Task2", "..\Task2\Task2.vcxproj", "{AE5F3467-AC04-4479-A7FC-BEFA0DBB9661}"
EndProject
Project("{8BC9CEB8-8B4A-11D0-8D11-00A0C91BC942}") = "Task3", "..\Task3\Task3.vcxproj", "{E4C6E81E-251F-474E-A5A6-5A2A18DCC0C9}"
EndProject
Project("{8BC9CEB8-8B4A-11D0-8D11-00A0C91BC942}") = "Hometask", "..\Hometask\Hometask.vcxproj", "{1C48D8D3-844D-4A0B-B649-3626459BFD67}"
EndProject
Global
	GlobalSection(SolutionConfigurationPlatforms) = preSolution
		Debug|x64 = Debug|x64
		Debug|x86 = Debug|x86
		Release|x64 = Release|x64
		Release|x86 = Release|x86
	EndGlobalSection
	GlobalSection(ProjectConfigurationPlatforms) = postSolution
		{D09C1CB3-7BD0-4C0A-8496-24EC43409FFE}.Debug|x64.ActiveCfg = Debug|x64
		{D09C1CB3-7BD0-4C0A-8496-24EC43409FFE}.Debug|x64.Build.0 = Debug|x64
		{D09C1CB3-7BD0-4C0A-8496-24EC43409FFE}.Debug|x86.ActiveCfg = Debug|Win32
		{D09C1CB3-7BD0-4C0A-8496-24EC43409FFE}.Debug|x86.Build.0 = Debug|Win32
		{D09C1CB3-7BD0-4C0A-8496-24EC43409FFE}.Release|x64.ActiveCfg = Release|x64
		{D09C1CB3-7BD0-4C0A-8496-24EC43409FFE}.Release|x64.Build.0 = Release|x64
		{D09C1CB3-7BD0-4C0A-8496-24EC43409FFE}.Release|x86.ActiveCfg = Release|Win32
		{D09C1CB3-7BD0-4C0A-8496-24EC43409FFE}.Release|x86.Build.0 = Release|Win32
		{AE5F3467-AC04-4479-A7FC-BEFA0DBB9661}.Debug|x64.ActiveCfg = Debug|x64
		{AE5F3467-AC04-4479-A7FC-BEFA0DBB9661}.Debug|x64.Build.0 = Debug|x64
		{AE5F3467-AC04-4479-A7FC-BEFA0DBB9661}.Debug|x86.ActiveCfg = Debug|Win32
		{AE5F3467-AC04-4479-A7FC-BEFA0DBB9661}.Debug|x86.Build.0 = Debug|Win32
		{AE5F3467-AC04-4479-A7FC-BEFA0DBB9661}.Release|x64.ActiveCfg = Release|x64
		{AE5F3467-AC04-4479-A7FC-BEFA0DBB9661}.Release|x64.Build.0 = Release|x64
		{AE5F3467-AC04-4479-A7FC-BEFA0DBB9661}.Release|x86.ActiveCfg = Release|Win32
		{AE5F3467-AC04-4479-A7FC-BEFA0DBB9661}.Release|x86.Build.0 = Release|Win32
		{E4C6E81E-251F-474E-A5A6-5A2A18DCC0C9}.Debug|x64.ActiveCfg = Debug|x64
		{E4C6E81E-251F-474E-A5A6-5A2A18DCC0C9}.Debug|x64.Build.0 = Debug|x64
		{E4C6E81E-251F-474E-A5A6-5A2A18DCC0C9}.Debug|x86.ActiveCfg = Debug|Win32
		{E4C6E81E-251F-474E-A5A6-5A2A18DCC0C9}.Debug|x86.Build.0 = Debug|Win32
		{E4C6E81E-251F-474E-A5A6-5A2A18DCC0C9}.Release|x64.ActiveCfg = Release|x64
		{E4C6E81E-251F-474E-A5A6-5A2A18DCC0C9}.Release|x64.Build.0 = Release|x64
		{E4C6E81E-251F-474E-A5A6-5A2A18DCC0C9}.Release|x86.ActiveCfg = Release|Win32
		{E4C6E81E-251F-474E-A5A6-5A2A18DCC0C9}.Release|x86.Build.0 = Release|Win32
		{1C48D8D3-844D-4A0B-B649-3626459BFD67}.Debug|x64.ActiveCfg = Debug|x64
		{1C48D8D3-844D-4A0B-B649-3626459BFD67}.Debug|x64.Build.0 = Debug|x64
		{1C48D8D3-844D-4A0B-B649-3626459BFD67}.Debug|x86.ActiveCfg = Debug|Win32
		{1C48D8D3-844D-4A0B-B649-3626459BFD67}.Debug|x86.Build.0 = Debug|Win32
		{1C48D8D3-844D-4A0B-B649-3626459BFD67}.Release|x64.ActiveCfg = Release|x64
		{1C48D8D3-844D-4A0B-B649-3626459BFD67}.Release|x64.Build.0 = Release|x64
		{1C48D8D3-844D-4A0B-B649-3626459BFD67}.Release|x86.ActiveCfg = Release|Win32
		{1C48D8D3-844D-4A0B-B649-3626459BFD67}.Release|x86.Build.0 = Release|Win32
	EndGlobalSection
	GlobalSection(SolutionProperties) = preSolution
		HideSolutionNode = FALSE
	EndGlobalSection
	GlobalSection(ExtensibilityGlobals) = postSolution
		SolutionGuid = {FDD809AD-ECCE-45F5-BC45-090ACA18A647}
	EndGlobalSection
EndGlobal
