
Microsoft Visual Studio Solution File, Format Version 12.00
# Visual Studio Version 17
VisualStudioVersion = 17.11.35222.181
MinimumVisualStudioVersion = 10.0.40219.1
Project("{8BC9CEB8-8B4A-11D0-8D11-00A0C91BC942}") = "Task1", "Task1\Task1.vcxproj", "{98B0DFB6-FD82-4503-A46E-3AC46048FCED}"
EndProject
Project("{8BC9CEB8-8B4A-11D0-8D11-00A0C91BC942}") = "Task2", "..\Task2\Task2\Task2.vcxproj", "{B83A593E-3D60-4D10-8D03-D048C4BD9CC0}"
EndProject
Project("{8BC9CEB8-8B4A-11D0-8D11-00A0C91BC942}") = "Task3", "..\Task3\Task3.vcxproj", "{D90FC759-D8A0-4CBC-9B7A-0EBAB296D69E}"
EndProject
Global
	GlobalSection(SolutionConfigurationPlatforms) = preSolution
		Debug|x64 = Debug|x64
		Debug|x86 = Debug|x86
		Release|x64 = Release|x64
		Release|x86 = Release|x86
	EndGlobalSection
	GlobalSection(ProjectConfigurationPlatforms) = postSolution
		{98B0DFB6-FD82-4503-A46E-3AC46048FCED}.Debug|x64.ActiveCfg = Debug|x64
		{98B0DFB6-FD82-4503-A46E-3AC46048FCED}.Debug|x64.Build.0 = Debug|x64
		{98B0DFB6-FD82-4503-A46E-3AC46048FCED}.Debug|x86.ActiveCfg = Debug|Win32
		{98B0DFB6-FD82-4503-A46E-3AC46048FCED}.Debug|x86.Build.0 = Debug|Win32
		{98B0DFB6-FD82-4503-A46E-3AC46048FCED}.Release|x64.ActiveCfg = Release|x64
		{98B0DFB6-FD82-4503-A46E-3AC46048FCED}.Release|x64.Build.0 = Release|x64
		{98B0DFB6-FD82-4503-A46E-3AC46048FCED}.Release|x86.ActiveCfg = Release|Win32
		{98B0DFB6-FD82-4503-A46E-3AC46048FCED}.Release|x86.Build.0 = Release|Win32
		{B83A593E-3D60-4D10-8D03-D048C4BD9CC0}.Debug|x64.ActiveCfg = Debug|x64
		{B83A593E-3D60-4D10-8D03-D048C4BD9CC0}.Debug|x64.Build.0 = Debug|x64
		{B83A593E-3D60-4D10-8D03-D048C4BD9CC0}.Debug|x86.ActiveCfg = Debug|Win32
		{B83A593E-3D60-4D10-8D03-D048C4BD9CC0}.Debug|x86.Build.0 = Debug|Win32
		{B83A593E-3D60-4D10-8D03-D048C4BD9CC0}.Release|x64.ActiveCfg = Release|x64
		{B83A593E-3D60-4D10-8D03-D048C4BD9CC0}.Release|x64.Build.0 = Release|x64
		{B83A593E-3D60-4D10-8D03-D048C4BD9CC0}.Release|x86.ActiveCfg = Release|Win32
		{B83A593E-3D60-4D10-8D03-D048C4BD9CC0}.Release|x86.Build.0 = Release|Win32
		{D90FC759-D8A0-4CBC-9B7A-0EBAB296D69E}.Debug|x64.ActiveCfg = Debug|x64
		{D90FC759-D8A0-4CBC-9B7A-0EBAB296D69E}.Debug|x64.Build.0 = Debug|x64
		{D90FC759-D8A0-4CBC-9B7A-0EBAB296D69E}.Debug|x86.ActiveCfg = Debug|Win32
		{D90FC759-D8A0-4CBC-9B7A-0EBAB296D69E}.Debug|x86.Build.0 = Debug|Win32
		{D90FC759-D8A0-4CBC-9B7A-0EBAB296D69E}.Release|x64.ActiveCfg = Release|x64
		{D90FC759-D8A0-4CBC-9B7A-0EBAB296D69E}.Release|x64.Build.0 = Release|x64
		{D90FC759-D8A0-4CBC-9B7A-0EBAB296D69E}.Release|x86.ActiveCfg = Release|Win32
		{D90FC759-D8A0-4CBC-9B7A-0EBAB296D69E}.Release|x86.Build.0 = Release|Win32
	EndGlobalSection
	GlobalSection(SolutionProperties) = preSolution
		HideSolutionNode = FALSE
	EndGlobalSection
	GlobalSection(ExtensibilityGlobals) = postSolution
		SolutionGuid = {827F0074-9801-47C8-985E-18C5DFD1C1A4}
	EndGlobalSection
EndGlobal
